// !$*UTF8*$!
{
	archiveVersion = 1;
	classes = {
	};
	objectVersion = 48;
	objects = {

/* Begin PBXBuildFile section */
		EF2B6EFE1FCB6397001E361B /* Recipe.swift in Sources */ = {isa = PBXBuildFile; fileRef = EF2B6EFD1FCB6397001E361B /* Recipe.swift */; };
		EF2B6F001FCB657A001E361B /* RecipeTests.swift in Sources */ = {isa = PBXBuildFile; fileRef = EF2B6EFF1FCB657A001E361B /* RecipeTests.swift */; };
		EF2B6F021FCCC67D001E361B /* HomeTableViewController.swift in Sources */ = {isa = PBXBuildFile; fileRef = EF2B6F011FCCC67D001E361B /* HomeTableViewController.swift */; };
		EF2B6F041FCCCAAC001E361B /* HomeTableViewCell.swift in Sources */ = {isa = PBXBuildFile; fileRef = EF2B6F031FCCCAAC001E361B /* HomeTableViewCell.swift */; };
		EF2B6F061FCCD2E2001E361B /* RecipeTableViewController.swift in Sources */ = {isa = PBXBuildFile; fileRef = EF2B6F051FCCD2E2001E361B /* RecipeTableViewController.swift */; };
		EF6934081FCFAC6600E803B0 /* Alerts.swift in Sources */ = {isa = PBXBuildFile; fileRef = EF6934071FCFAC6600E803B0 /* Alerts.swift */; };
		EFCEA2D01FBC26A3006CFE19 /* AppDelegate.swift in Sources */ = {isa = PBXBuildFile; fileRef = EFCEA2CF1FBC26A3006CFE19 /* AppDelegate.swift */; };
		EFCEA2D51FBC26A3006CFE19 /* Main.storyboard in Resources */ = {isa = PBXBuildFile; fileRef = EFCEA2D31FBC26A3006CFE19 /* Main.storyboard */; };
		EFCEA2D81FBC26A3006CFE19 /* Sizzle.xcdatamodeld in Sources */ = {isa = PBXBuildFile; fileRef = EFCEA2D61FBC26A3006CFE19 /* Sizzle.xcdatamodeld */; };
		EFCEA2DA1FBC26A3006CFE19 /* Assets.xcassets in Resources */ = {isa = PBXBuildFile; fileRef = EFCEA2D91FBC26A3006CFE19 /* Assets.xcassets */; };
		EFCEA2DD1FBC26A3006CFE19 /* LaunchScreen.storyboard in Resources */ = {isa = PBXBuildFile; fileRef = EFCEA2DB1FBC26A3006CFE19 /* LaunchScreen.storyboard */; };
		EFCEA2E81FBC26A3006CFE19 /* SizzleTests.swift in Sources */ = {isa = PBXBuildFile; fileRef = EFCEA2E71FBC26A3006CFE19 /* SizzleTests.swift */; };
		EFCEA2F31FBC26A3006CFE19 /* SizzleUITests.swift in Sources */ = {isa = PBXBuildFile; fileRef = EFCEA2F21FBC26A3006CFE19 /* SizzleUITests.swift */; };
/* End PBXBuildFile section */

/* Begin PBXContainerItemProxy section */
		EFCEA2E41FBC26A3006CFE19 /* PBXContainerItemProxy */ = {
			isa = PBXContainerItemProxy;
			containerPortal = EFCEA2C41FBC26A3006CFE19 /* Project object */;
			proxyType = 1;
			remoteGlobalIDString = EFCEA2CB1FBC26A3006CFE19;
			remoteInfo = Sizzle;
		};
		EFCEA2EF1FBC26A3006CFE19 /* PBXContainerItemProxy */ = {
			isa = PBXContainerItemProxy;
			containerPortal = EFCEA2C41FBC26A3006CFE19 /* Project object */;
			proxyType = 1;
			remoteGlobalIDString = EFCEA2CB1FBC26A3006CFE19;
			remoteInfo = Sizzle;
		};
/* End PBXContainerItemProxy section */

/* Begin PBXFileReference section */
		EF2B6EFD1FCB6397001E361B /* Recipe.swift */ = {isa = PBXFileReference; lastKnownFileType = sourcecode.swift; path = Recipe.swift; sourceTree = "<group>"; };
		EF2B6EFF1FCB657A001E361B /* RecipeTests.swift */ = {isa = PBXFileReference; lastKnownFileType = sourcecode.swift; path = RecipeTests.swift; sourceTree = "<group>"; };
		EF2B6F011FCCC67D001E361B /* HomeTableViewController.swift */ = {isa = PBXFileReference; lastKnownFileType = sourcecode.swift; path = HomeTableViewController.swift; sourceTree = "<group>"; };
		EF2B6F031FCCCAAC001E361B /* HomeTableViewCell.swift */ = {isa = PBXFileReference; lastKnownFileType = sourcecode.swift; path = HomeTableViewCell.swift; sourceTree = "<group>"; };
		EF2B6F051FCCD2E2001E361B /* RecipeTableViewController.swift */ = {isa = PBXFileReference; lastKnownFileType = sourcecode.swift; path = RecipeTableViewController.swift; sourceTree = "<group>"; };
		EF6934071FCFAC6600E803B0 /* Alerts.swift */ = {isa = PBXFileReference; lastKnownFileType = sourcecode.swift; path = Alerts.swift; sourceTree = "<group>"; };
		EFCEA2CC1FBC26A3006CFE19 /* Sizzle.app */ = {isa = PBXFileReference; explicitFileType = wrapper.application; includeInIndex = 0; path = Sizzle.app; sourceTree = BUILT_PRODUCTS_DIR; };
		EFCEA2CF1FBC26A3006CFE19 /* AppDelegate.swift */ = {isa = PBXFileReference; lastKnownFileType = sourcecode.swift; path = AppDelegate.swift; sourceTree = "<group>"; };
		EFCEA2D41FBC26A3006CFE19 /* Base */ = {isa = PBXFileReference; lastKnownFileType = file.storyboard; name = Base; path = Base.lproj/Main.storyboard; sourceTree = "<group>"; };
		EFCEA2D71FBC26A3006CFE19 /* Sizzle.xcdatamodel */ = {isa = PBXFileReference; lastKnownFileType = wrapper.xcdatamodel; path = Sizzle.xcdatamodel; sourceTree = "<group>"; };
		EFCEA2D91FBC26A3006CFE19 /* Assets.xcassets */ = {isa = PBXFileReference; lastKnownFileType = folder.assetcatalog; path = Assets.xcassets; sourceTree = "<group>"; };
		EFCEA2DC1FBC26A3006CFE19 /* Base */ = {isa = PBXFileReference; lastKnownFileType = file.storyboard; name = Base; path = Base.lproj/LaunchScreen.storyboard; sourceTree = "<group>"; };
		EFCEA2DE1FBC26A3006CFE19 /* Info.plist */ = {isa = PBXFileReference; lastKnownFileType = text.plist.xml; path = Info.plist; sourceTree = "<group>"; };
		EFCEA2E31FBC26A3006CFE19 /* SizzleTests.xctest */ = {isa = PBXFileReference; explicitFileType = wrapper.cfbundle; includeInIndex = 0; path = SizzleTests.xctest; sourceTree = BUILT_PRODUCTS_DIR; };
		EFCEA2E71FBC26A3006CFE19 /* SizzleTests.swift */ = {isa = PBXFileReference; lastKnownFileType = sourcecode.swift; path = SizzleTests.swift; sourceTree = "<group>"; };
		EFCEA2E91FBC26A3006CFE19 /* Info.plist */ = {isa = PBXFileReference; lastKnownFileType = text.plist.xml; path = Info.plist; sourceTree = "<group>"; };
		EFCEA2EE1FBC26A3006CFE19 /* SizzleUITests.xctest */ = {isa = PBXFileReference; explicitFileType = wrapper.cfbundle; includeInIndex = 0; path = SizzleUITests.xctest; sourceTree = BUILT_PRODUCTS_DIR; };
		EFCEA2F21FBC26A3006CFE19 /* SizzleUITests.swift */ = {isa = PBXFileReference; lastKnownFileType = sourcecode.swift; path = SizzleUITests.swift; sourceTree = "<group>"; };
		EFCEA2F41FBC26A4006CFE19 /* Info.plist */ = {isa = PBXFileReference; lastKnownFileType = text.plist.xml; path = Info.plist; sourceTree = "<group>"; };
/* End PBXFileReference section */

/* Begin PBXFrameworksBuildPhase section */
		EFCEA2C91FBC26A3006CFE19 /* Frameworks */ = {
			isa = PBXFrameworksBuildPhase;
			buildActionMask = 2147483647;
			files = (
			);
			runOnlyForDeploymentPostprocessing = 0;
		};
		EFCEA2E01FBC26A3006CFE19 /* Frameworks */ = {
			isa = PBXFrameworksBuildPhase;
			buildActionMask = 2147483647;
			files = (
			);
			runOnlyForDeploymentPostprocessing = 0;
		};
		EFCEA2EB1FBC26A3006CFE19 /* Frameworks */ = {
			isa = PBXFrameworksBuildPhase;
			buildActionMask = 2147483647;
			files = (
			);
			runOnlyForDeploymentPostprocessing = 0;
		};
/* End PBXFrameworksBuildPhase section */

/* Begin PBXGroup section */
		EF6934061FCFAC4600E803B0 /* Utilities */ = {
			isa = PBXGroup;
			children = (
				EF6934071FCFAC6600E803B0 /* Alerts.swift */,
			);
			name = Utilities;
			sourceTree = "<group>";
		};
		EFCEA2C31FBC26A3006CFE19 = {
			isa = PBXGroup;
			children = (
				EFCEA2CE1FBC26A3006CFE19 /* Sizzle */,
				EFCEA2E61FBC26A3006CFE19 /* SizzleTests */,
				EFCEA2F11FBC26A3006CFE19 /* SizzleUITests */,
				EFCEA2CD1FBC26A3006CFE19 /* Products */,
			);
			sourceTree = "<group>";
		};
		EFCEA2CD1FBC26A3006CFE19 /* Products */ = {
			isa = PBXGroup;
			children = (
				EFCEA2CC1FBC26A3006CFE19 /* Sizzle.app */,
				EFCEA2E31FBC26A3006CFE19 /* SizzleTests.xctest */,
				EFCEA2EE1FBC26A3006CFE19 /* SizzleUITests.xctest */,
			);
			name = Products;
			sourceTree = "<group>";
		};
		EFCEA2CE1FBC26A3006CFE19 /* Sizzle */ = {
			isa = PBXGroup;
			children = (
				EF6934061FCFAC4600E803B0 /* Utilities */,
				EFCEA2CF1FBC26A3006CFE19 /* AppDelegate.swift */,
				EF2B6EFD1FCB6397001E361B /* Recipe.swift */,
				EFCEA2D31FBC26A3006CFE19 /* Main.storyboard */,
				EF2B6F051FCCD2E2001E361B /* RecipeTableViewController.swift */,
				EF2B6F011FCCC67D001E361B /* HomeTableViewController.swift */,
				EF2B6F031FCCCAAC001E361B /* HomeTableViewCell.swift */,
				EFCEA2D91FBC26A3006CFE19 /* Assets.xcassets */,
				EFCEA2DB1FBC26A3006CFE19 /* LaunchScreen.storyboard */,
				EFCEA2DE1FBC26A3006CFE19 /* Info.plist */,
				EFCEA2D61FBC26A3006CFE19 /* Sizzle.xcdatamodeld */,
			);
			path = Sizzle;
			sourceTree = "<group>";
		};
		EFCEA2E61FBC26A3006CFE19 /* SizzleTests */ = {
			isa = PBXGroup;
			children = (
				EF2B6EFF1FCB657A001E361B /* RecipeTests.swift */,
				EFCEA2E71FBC26A3006CFE19 /* SizzleTests.swift */,
				EFCEA2E91FBC26A3006CFE19 /* Info.plist */,
			);
			path = SizzleTests;
			sourceTree = "<group>";
		};
		EFCEA2F11FBC26A3006CFE19 /* SizzleUITests */ = {
			isa = PBXGroup;
			children = (
				EFCEA2F21FBC26A3006CFE19 /* SizzleUITests.swift */,
				EFCEA2F41FBC26A4006CFE19 /* Info.plist */,
			);
			path = SizzleUITests;
			sourceTree = "<group>";
		};
/* End PBXGroup section */

/* Begin PBXNativeTarget section */
		EFCEA2CB1FBC26A3006CFE19 /* Sizzle */ = {
			isa = PBXNativeTarget;
			buildConfigurationList = EFCEA2F71FBC26A4006CFE19 /* Build configuration list for PBXNativeTarget "Sizzle" */;
			buildPhases = (
				EFCEA2C81FBC26A3006CFE19 /* Sources */,
				EFCEA2C91FBC26A3006CFE19 /* Frameworks */,
				EFCEA2CA1FBC26A3006CFE19 /* Resources */,
				EF00988A1FCE3B94000485B9 /* Set Build Version Number */,
			);
			buildRules = (
			);
			dependencies = (
			);
			name = Sizzle;
			productName = Sizzle;
			productReference = EFCEA2CC1FBC26A3006CFE19 /* Sizzle.app */;
			productType = "com.apple.product-type.application";
		};
		EFCEA2E21FBC26A3006CFE19 /* SizzleTests */ = {
			isa = PBXNativeTarget;
			buildConfigurationList = EFCEA2FA1FBC26A4006CFE19 /* Build configuration list for PBXNativeTarget "SizzleTests" */;
			buildPhases = (
				EFCEA2DF1FBC26A3006CFE19 /* Sources */,
				EFCEA2E01FBC26A3006CFE19 /* Frameworks */,
				EFCEA2E11FBC26A3006CFE19 /* Resources */,
			);
			buildRules = (
			);
			dependencies = (
				EFCEA2E51FBC26A3006CFE19 /* PBXTargetDependency */,
			);
			name = SizzleTests;
			productName = SizzleTests;
			productReference = EFCEA2E31FBC26A3006CFE19 /* SizzleTests.xctest */;
			productType = "com.apple.product-type.bundle.unit-test";
		};
		EFCEA2ED1FBC26A3006CFE19 /* SizzleUITests */ = {
			isa = PBXNativeTarget;
			buildConfigurationList = EFCEA2FD1FBC26A4006CFE19 /* Build configuration list for PBXNativeTarget "SizzleUITests" */;
			buildPhases = (
				EFCEA2EA1FBC26A3006CFE19 /* Sources */,
				EFCEA2EB1FBC26A3006CFE19 /* Frameworks */,
				EFCEA2EC1FBC26A3006CFE19 /* Resources */,
			);
			buildRules = (
			);
			dependencies = (
				EFCEA2F01FBC26A3006CFE19 /* PBXTargetDependency */,
			);
			name = SizzleUITests;
			productName = SizzleUITests;
			productReference = EFCEA2EE1FBC26A3006CFE19 /* SizzleUITests.xctest */;
			productType = "com.apple.product-type.bundle.ui-testing";
		};
/* End PBXNativeTarget section */

/* Begin PBXProject section */
		EFCEA2C41FBC26A3006CFE19 /* Project object */ = {
			isa = PBXProject;
			attributes = {
				LastSwiftUpdateCheck = 0910;
				LastUpgradeCheck = 0910;
				ORGANIZATIONNAME = "Joshua Fredrickson";
				TargetAttributes = {
					EFCEA2CB1FBC26A3006CFE19 = {
						CreatedOnToolsVersion = 9.1;
						ProvisioningStyle = Automatic;
					};
					EFCEA2E21FBC26A3006CFE19 = {
						CreatedOnToolsVersion = 9.1;
						ProvisioningStyle = Automatic;
						TestTargetID = EFCEA2CB1FBC26A3006CFE19;
					};
					EFCEA2ED1FBC26A3006CFE19 = {
						CreatedOnToolsVersion = 9.1;
						ProvisioningStyle = Automatic;
						TestTargetID = EFCEA2CB1FBC26A3006CFE19;
					};
				};
			};
			buildConfigurationList = EFCEA2C71FBC26A3006CFE19 /* Build configuration list for PBXProject "Sizzle" */;
			compatibilityVersion = "Xcode 8.0";
			developmentRegion = en;
			hasScannedForEncodings = 0;
			knownRegions = (
				en,
				Base,
			);
			mainGroup = EFCEA2C31FBC26A3006CFE19;
			productRefGroup = EFCEA2CD1FBC26A3006CFE19 /* Products */;
			projectDirPath = "";
			projectRoot = "";
			targets = (
				EFCEA2CB1FBC26A3006CFE19 /* Sizzle */,
				EFCEA2E21FBC26A3006CFE19 /* SizzleTests */,
				EFCEA2ED1FBC26A3006CFE19 /* SizzleUITests */,
			);
		};
/* End PBXProject section */

/* Begin PBXResourcesBuildPhase section */
		EFCEA2CA1FBC26A3006CFE19 /* Resources */ = {
			isa = PBXResourcesBuildPhase;
			buildActionMask = 2147483647;
			files = (
				EFCEA2DD1FBC26A3006CFE19 /* LaunchScreen.storyboard in Resources */,
				EFCEA2DA1FBC26A3006CFE19 /* Assets.xcassets in Resources */,
				EFCEA2D51FBC26A3006CFE19 /* Main.storyboard in Resources */,
			);
			runOnlyForDeploymentPostprocessing = 0;
		};
		EFCEA2E11FBC26A3006CFE19 /* Resources */ = {
			isa = PBXResourcesBuildPhase;
			buildActionMask = 2147483647;
			files = (
			);
			runOnlyForDeploymentPostprocessing = 0;
		};
		EFCEA2EC1FBC26A3006CFE19 /* Resources */ = {
			isa = PBXResourcesBuildPhase;
			buildActionMask = 2147483647;
			files = (
			);
			runOnlyForDeploymentPostprocessing = 0;
		};
/* End PBXResourcesBuildPhase section */

/* Begin PBXShellScriptBuildPhase section */
		EF00988A1FCE3B94000485B9 /* Set Build Version Number */ = {
			isa = PBXShellScriptBuildPhase;
			buildActionMask = 2147483647;
			files = (
			);
			inputPaths = (
			);
			name = "Set Build Version Number";
			outputPaths = (
			);
			runOnlyForDeploymentPostprocessing = 0;
			shellPath = /bin/sh;
			shellScript = "$SRCROOT/scripts/set-build.sh";
		};
/* End PBXShellScriptBuildPhase section */

/* Begin PBXSourcesBuildPhase section */
		EFCEA2C81FBC26A3006CFE19 /* Sources */ = {
			isa = PBXSourcesBuildPhase;
			buildActionMask = 2147483647;
			files = (
				EF2B6F021FCCC67D001E361B /* HomeTableViewController.swift in Sources */,
				EF2B6F041FCCCAAC001E361B /* HomeTableViewCell.swift in Sources */,
				EFCEA2D01FBC26A3006CFE19 /* AppDelegate.swift in Sources */,
				EF2B6F061FCCD2E2001E361B /* RecipeTableViewController.swift in Sources */,
				EFCEA2D81FBC26A3006CFE19 /* Sizzle.xcdatamodeld in Sources */,
				EF6934081FCFAC6600E803B0 /* Alerts.swift in Sources */,
				EF2B6EFE1FCB6397001E361B /* Recipe.swift in Sources */,
			);
			runOnlyForDeploymentPostprocessing = 0;
		};
		EFCEA2DF1FBC26A3006CFE19 /* Sources */ = {
			isa = PBXSourcesBuildPhase;
			buildActionMask = 2147483647;
			files = (
				EFCEA2E81FBC26A3006CFE19 /* SizzleTests.swift in Sources */,
				EF2B6F001FCB657A001E361B /* RecipeTests.swift in Sources */,
			);
			runOnlyForDeploymentPostprocessing = 0;
		};
		EFCEA2EA1FBC26A3006CFE19 /* Sources */ = {
			isa = PBXSourcesBuildPhase;
			buildActionMask = 2147483647;
			files = (
				EFCEA2F31FBC26A3006CFE19 /* SizzleUITests.swift in Sources */,
			);
			runOnlyForDeploymentPostprocessing = 0;
		};
/* End PBXSourcesBuildPhase section */

/* Begin PBXTargetDependency section */
		EFCEA2E51FBC26A3006CFE19 /* PBXTargetDependency */ = {
			isa = PBXTargetDependency;
			target = EFCEA2CB1FBC26A3006CFE19 /* Sizzle */;
			targetProxy = EFCEA2E41FBC26A3006CFE19 /* PBXContainerItemProxy */;
		};
		EFCEA2F01FBC26A3006CFE19 /* PBXTargetDependency */ = {
			isa = PBXTargetDependency;
			target = EFCEA2CB1FBC26A3006CFE19 /* Sizzle */;
			targetProxy = EFCEA2EF1FBC26A3006CFE19 /* PBXContainerItemProxy */;
		};
/* End PBXTargetDependency section */

/* Begin PBXVariantGroup section */
		EFCEA2D31FBC26A3006CFE19 /* Main.storyboard */ = {
			isa = PBXVariantGroup;
			children = (
				EFCEA2D41FBC26A3006CFE19 /* Base */,
			);
			name = Main.storyboard;
			sourceTree = "<group>";
		};
		EFCEA2DB1FBC26A3006CFE19 /* LaunchScreen.storyboard */ = {
			isa = PBXVariantGroup;
			children = (
				EFCEA2DC1FBC26A3006CFE19 /* Base */,
			);
			name = LaunchScreen.storyboard;
			sourceTree = "<group>";
		};
/* End PBXVariantGroup section */

/* Begin XCBuildConfiguration section */
		EFCEA2F51FBC26A4006CFE19 /* Debug */ = {
			isa = XCBuildConfiguration;
			buildSettings = {
				ALWAYS_SEARCH_USER_PATHS = NO;
				CLANG_ANALYZER_NONNULL = YES;
				CLANG_ANALYZER_NUMBER_OBJECT_CONVERSION = YES_AGGRESSIVE;
				CLANG_CXX_LANGUAGE_STANDARD = "gnu++14";
				CLANG_CXX_LIBRARY = "libc++";
				CLANG_ENABLE_MODULES = YES;
				CLANG_ENABLE_OBJC_ARC = YES;
				CLANG_WARN_BLOCK_CAPTURE_AUTORELEASING = YES;
				CLANG_WARN_BOOL_CONVERSION = YES;
				CLANG_WARN_COMMA = YES;
				CLANG_WARN_CONSTANT_CONVERSION = YES;
				CLANG_WARN_DIRECT_OBJC_ISA_USAGE = YES_ERROR;
				CLANG_WARN_DOCUMENTATION_COMMENTS = YES;
				CLANG_WARN_EMPTY_BODY = YES;
				CLANG_WARN_ENUM_CONVERSION = YES;
				CLANG_WARN_INFINITE_RECURSION = YES;
				CLANG_WARN_INT_CONVERSION = YES;
				CLANG_WARN_NON_LITERAL_NULL_CONVERSION = YES;
				CLANG_WARN_OBJC_LITERAL_CONVERSION = YES;
				CLANG_WARN_OBJC_ROOT_CLASS = YES_ERROR;
				CLANG_WARN_RANGE_LOOP_ANALYSIS = YES;
				CLANG_WARN_STRICT_PROTOTYPES = YES;
				CLANG_WARN_SUSPICIOUS_MOVE = YES;
				CLANG_WARN_UNGUARDED_AVAILABILITY = YES_AGGRESSIVE;
				CLANG_WARN_UNREACHABLE_CODE = YES;
				CLANG_WARN__DUPLICATE_METHOD_MATCH = YES;
				CODE_SIGN_IDENTITY = "iPhone Developer";
				COPY_PHASE_STRIP = NO;
				DEBUG_INFORMATION_FORMAT = dwarf;
				ENABLE_STRICT_OBJC_MSGSEND = YES;
				ENABLE_TESTABILITY = YES;
				GCC_C_LANGUAGE_STANDARD = gnu11;
				GCC_DYNAMIC_NO_PIC = NO;
				GCC_NO_COMMON_BLOCKS = YES;
				GCC_OPTIMIZATION_LEVEL = 0;
				GCC_PREPROCESSOR_DEFINITIONS = (
					"DEBUG=1",
					"$(inherited)",
				);
				GCC_WARN_64_TO_32_BIT_CONVERSION = YES;
				GCC_WARN_ABOUT_RETURN_TYPE = YES_ERROR;
				GCC_WARN_UNDECLARED_SELECTOR = YES;
				GCC_WARN_UNINITIALIZED_AUTOS = YES_AGGRESSIVE;
				GCC_WARN_UNUSED_FUNCTION = YES;
				GCC_WARN_UNUSED_VARIABLE = YES;
				IPHONEOS_DEPLOYMENT_TARGET = 11.1;
				MTL_ENABLE_DEBUG_INFO = YES;
				ONLY_ACTIVE_ARCH = YES;
				SDKROOT = iphoneos;
				SWIFT_ACTIVE_COMPILATION_CONDITIONS = DEBUG;
				SWIFT_OPTIMIZATION_LEVEL = "-Onone";
			};
			name = Debug;
		};
		EFCEA2F61FBC26A4006CFE19 /* Release */ = {
			isa = XCBuildConfiguration;
			buildSettings = {
				ALWAYS_SEARCH_USER_PATHS = NO;
				CLANG_ANALYZER_NONNULL = YES;
				CLANG_ANALYZER_NUMBER_OBJECT_CONVERSION = YES_AGGRESSIVE;
				CLANG_CXX_LANGUAGE_STANDARD = "gnu++14";
				CLANG_CXX_LIBRARY = "libc++";
				CLANG_ENABLE_MODULES = YES;
				CLANG_ENABLE_OBJC_ARC = YES;
				CLANG_WARN_BLOCK_CAPTURE_AUTORELEASING = YES;
				CLANG_WARN_BOOL_CONVERSION = YES;
				CLANG_WARN_COMMA = YES;
				CLANG_WARN_CONSTANT_CONVERSION = YES;
				CLANG_WARN_DIRECT_OBJC_ISA_USAGE = YES_ERROR;
				CLANG_WARN_DOCUMENTATION_COMMENTS = YES;
				CLANG_WARN_EMPTY_BODY = YES;
				CLANG_WARN_ENUM_CONVERSION = YES;
				CLANG_WARN_INFINITE_RECURSION = YES;
				CLANG_WARN_INT_CONVERSION = YES;
				CLANG_WARN_NON_LITERAL_NULL_CONVERSION = YES;
				CLANG_WARN_OBJC_LITERAL_CONVERSION = YES;
				CLANG_WARN_OBJC_ROOT_CLASS = YES_ERROR;
				CLANG_WARN_RANGE_LOOP_ANALYSIS = YES;
				CLANG_WARN_STRICT_PROTOTYPES = YES;
				CLANG_WARN_SUSPICIOUS_MOVE = YES;
				CLANG_WARN_UNGUARDED_AVAILABILITY = YES_AGGRESSIVE;
				CLANG_WARN_UNREACHABLE_CODE = YES;
				CLANG_WARN__DUPLICATE_METHOD_MATCH = YES;
				CODE_SIGN_IDENTITY = "iPhone Developer";
				COPY_PHASE_STRIP = NO;
				DEBUG_INFORMATION_FORMAT = "dwarf-with-dsym";
				ENABLE_NS_ASSERTIONS = NO;
				ENABLE_STRICT_OBJC_MSGSEND = YES;
				GCC_C_LANGUAGE_STANDARD = gnu11;
				GCC_NO_COMMON_BLOCKS = YES;
				GCC_WARN_64_TO_32_BIT_CONVERSION = YES;
				GCC_WARN_ABOUT_RETURN_TYPE = YES_ERROR;
				GCC_WARN_UNDECLARED_SELECTOR = YES;
				GCC_WARN_UNINITIALIZED_AUTOS = YES_AGGRESSIVE;
				GCC_WARN_UNUSED_FUNCTION = YES;
				GCC_WARN_UNUSED_VARIABLE = YES;
				IPHONEOS_DEPLOYMENT_TARGET = 11.1;
				MTL_ENABLE_DEBUG_INFO = NO;
				SDKROOT = iphoneos;
				SWIFT_OPTIMIZATION_LEVEL = "-Owholemodule";
				VALIDATE_PRODUCT = YES;
			};
			name = Release;
		};
		EFCEA2F81FBC26A4006CFE19 /* Debug */ = {
			isa = XCBuildConfiguration;
			buildSettings = {
				ASSETCATALOG_COMPILER_APPICON_NAME = AppIcon;
				"CODE_SIGN_IDENTITY[sdk=iphoneos*]" = "iPhone Developer";
				CODE_SIGN_STYLE = Automatic;
				DEVELOPMENT_TEAM = 6D2UCX5FZW;
				INFOPLIST_FILE = Sizzle/Info.plist;
				IPHONEOS_DEPLOYMENT_TARGET = 10.3;
				LD_RUNPATH_SEARCH_PATHS = "$(inherited) @executable_path/Frameworks";
				PRODUCT_BUNDLE_IDENTIFIER = com.dustykeyboard.sizzle;
				PRODUCT_NAME = "$(TARGET_NAME)";
				PROVISIONING_PROFILE_SPECIFIER = "";
				SWIFT_VERSION = 4.0;
				TARGETED_DEVICE_FAMILY = "1,2";
			};
			name = Debug;
		};
		EFCEA2F91FBC26A4006CFE19 /* Release */ = {
			isa = XCBuildConfiguration;
			buildSettings = {
				ASSETCATALOG_COMPILER_APPICON_NAME = AppIcon;
				"CODE_SIGN_IDENTITY[sdk=iphoneos*]" = "iPhone Developer";
				CODE_SIGN_STYLE = Automatic;
				DEVELOPMENT_TEAM = 6D2UCX5FZW;
				INFOPLIST_FILE = Sizzle/Info.plist;
				IPHONEOS_DEPLOYMENT_TARGET = 10.3;
				LD_RUNPATH_SEARCH_PATHS = "$(inherited) @executable_path/Frameworks";
				PRODUCT_BUNDLE_IDENTIFIER = com.dustykeyboard.sizzle;
				PRODUCT_NAME = "$(TARGET_NAME)";
				PROVISIONING_PROFILE_SPECIFIER = "";
				SWIFT_VERSION = 4.0;
				TARGETED_DEVICE_FAMILY = "1,2";
			};
			name = Release;
		};
		EFCEA2FB1FBC26A4006CFE19 /* Debug */ = {
			isa = XCBuildConfiguration;
			buildSettings = {
				ALWAYS_EMBED_SWIFT_STANDARD_LIBRARIES = YES;
				BUNDLE_LOADER = "$(TEST_HOST)";
				CODE_SIGN_STYLE = Automatic;
				DEVELOPMENT_TEAM = 6D2UCX5FZW;
				INFOPLIST_FILE = SizzleTests/Info.plist;
				LD_RUNPATH_SEARCH_PATHS = "$(inherited) @executable_path/Frameworks @loader_path/Frameworks";
				PRODUCT_BUNDLE_IDENTIFIER = com.dustykeyboard.SizzleTests;
				PRODUCT_NAME = "$(TARGET_NAME)";
				SWIFT_VERSION = 4.0;
				TARGETED_DEVICE_FAMILY = "1,2";
				TEST_HOST = "$(BUILT_PRODUCTS_DIR)/Sizzle.app/Sizzle";
			};
			name = Debug;
		};
		EFCEA2FC1FBC26A4006CFE19 /* Release */ = {
			isa = XCBuildConfiguration;
			buildSettings = {
				ALWAYS_EMBED_SWIFT_STANDARD_LIBRARIES = YES;
				BUNDLE_LOADER = "$(TEST_HOST)";
				CODE_SIGN_STYLE = Automatic;
				DEVELOPMENT_TEAM = 6D2UCX5FZW;
				INFOPLIST_FILE = SizzleTests/Info.plist;
				LD_RUNPATH_SEARCH_PATHS = "$(inherited) @executable_path/Frameworks @loader_path/Frameworks";
				PRODUCT_BUNDLE_IDENTIFIER = com.dustykeyboard.SizzleTests;
				PRODUCT_NAME = "$(TARGET_NAME)";
				SWIFT_VERSION = 4.0;
				TARGETED_DEVICE_FAMILY = "1,2";
				TEST_HOST = "$(BUILT_PRODUCTS_DIR)/Sizzle.app/Sizzle";
			};
			name = Release;
		};
		EFCEA2FE1FBC26A4006CFE19 /* Debug */ = {
			isa = XCBuildConfiguration;
			buildSettings = {
				ALWAYS_EMBED_SWIFT_STANDARD_LIBRARIES = YES;
				CODE_SIGN_STYLE = Automatic;
				DEVELOPMENT_TEAM = 6D2UCX5FZW;
				INFOPLIST_FILE = SizzleUITests/Info.plist;
				LD_RUNPATH_SEARCH_PATHS = "$(inherited) @executable_path/Frameworks @loader_path/Frameworks";
				PRODUCT_BUNDLE_IDENTIFIER = com.dustykeyboard.SizzleUITests;
				PRODUCT_NAME = "$(TARGET_NAME)";
				SWIFT_VERSION = 4.0;
				TARGETED_DEVICE_FAMILY = "1,2";
				TEST_TARGET_NAME = Sizzle;
			};
			name = Debug;
		};
		EFCEA2FF1FBC26A4006CFE19 /* Release */ = {
			isa = XCBuildConfiguration;
			buildSettings = {
				ALWAYS_EMBED_SWIFT_STANDARD_LIBRARIES = YES;
				CODE_SIGN_STYLE = Automatic;
				DEVELOPMENT_TEAM = 6D2UCX5FZW;
				INFOPLIST_FILE = SizzleUITests/Info.plist;
				LD_RUNPATH_SEARCH_PATHS = "$(inherited) @executable_path/Frameworks @loader_path/Frameworks";
				PRODUCT_BUNDLE_IDENTIFIER = com.dustykeyboard.SizzleUITests;
				PRODUCT_NAME = "$(TARGET_NAME)";
				SWIFT_VERSION = 4.0;
				TARGETED_DEVICE_FAMILY = "1,2";
				TEST_TARGET_NAME = Sizzle;
			};
			name = Release;
		};
/* End XCBuildConfiguration section */

/* Begin XCConfigurationList section */
		EFCEA2C71FBC26A3006CFE19 /* Build configuration list for PBXProject "Sizzle" */ = {
			isa = XCConfigurationList;
			buildConfigurations = (
				EFCEA2F51FBC26A4006CFE19 /* Debug */,
				EFCEA2F61FBC26A4006CFE19 /* Release */,
			);
			defaultConfigurationIsVisible = 0;
			defaultConfigurationName = Release;
		};
		EFCEA2F71FBC26A4006CFE19 /* Build configuration list for PBXNativeTarget "Sizzle" */ = {
			isa = XCConfigurationList;
			buildConfigurations = (
				EFCEA2F81FBC26A4006CFE19 /* Debug */,
				EFCEA2F91FBC26A4006CFE19 /* Release */,
			);
			defaultConfigurationIsVisible = 0;
			defaultConfigurationName = Release;
		};
		EFCEA2FA1FBC26A4006CFE19 /* Build configuration list for PBXNativeTarget "SizzleTests" */ = {
			isa = XCConfigurationList;
			buildConfigurations = (
				EFCEA2FB1FBC26A4006CFE19 /* Debug */,
				EFCEA2FC1FBC26A4006CFE19 /* Release */,
			);
			defaultConfigurationIsVisible = 0;
			defaultConfigurationName = Release;
		};
		EFCEA2FD1FBC26A4006CFE19 /* Build configuration list for PBXNativeTarget "SizzleUITests" */ = {
			isa = XCConfigurationList;
			buildConfigurations = (
				EFCEA2FE1FBC26A4006CFE19 /* Debug */,
				EFCEA2FF1FBC26A4006CFE19 /* Release */,
			);
			defaultConfigurationIsVisible = 0;
			defaultConfigurationName = Release;
		};
/* End XCConfigurationList section */

/* Begin XCVersionGroup section */
		EFCEA2D61FBC26A3006CFE19 /* Sizzle.xcdatamodeld */ = {
			isa = XCVersionGroup;
			children = (
				EFCEA2D71FBC26A3006CFE19 /* Sizzle.xcdatamodel */,
			);
			currentVersion = EFCEA2D71FBC26A3006CFE19 /* Sizzle.xcdatamodel */;
			path = Sizzle.xcdatamodeld;
			sourceTree = "<group>";
			versionGroupType = wrapper.xcdatamodel;
		};
/* End XCVersionGroup section */
	};
	rootObject = EFCEA2C41FBC26A3006CFE19 /* Project object */;
}
